// !$*UTF8*$!
{
	archiveVersion = 1;
	classes = {
	};
	objectVersion = 56;
	objects = {

/* Begin PBXBuildFile section */
		139B2C7E2ADFF8690036BD18 /* ContentArea.swift in Sources */ = {isa = PBXBuildFile; fileRef = 139B2C7D2ADFF8690036BD18 /* ContentArea.swift */; };
		13C295B12AD55F2100A2DE7F /* PostKitApp.swift in Sources */ = {isa = PBXBuildFile; fileRef = 13C295B02AD55F2100A2DE7F /* PostKitApp.swift */; };
		13C295B52AD55F2200A2DE7F /* Assets.xcassets in Resources */ = {isa = PBXBuildFile; fileRef = 13C295B42AD55F2200A2DE7F /* Assets.xcassets */; };
		13C295B82AD55F2200A2DE7F /* Preview Assets.xcassets in Resources */ = {isa = PBXBuildFile; fileRef = 13C295B72AD55F2200A2DE7F /* Preview Assets.xcassets */; };
		13C295C82AD620EC00A2DE7F /* MainView.swift in Sources */ = {isa = PBXBuildFile; fileRef = 13C295C72AD620EC00A2DE7F /* MainView.swift */; };
		13C295D32AD64C3500A2DE7F /* SettingView.swift in Sources */ = {isa = PBXBuildFile; fileRef = 13C295D22AD64C3500A2DE7F /* SettingView.swift */; };
		13C295D52AD677FA00A2DE7F /* NavigationModel.swift in Sources */ = {isa = PBXBuildFile; fileRef = 13C295D42AD677FA00A2DE7F /* NavigationModel.swift */; };
		13C295D82AD68BEA00A2DE7F /* SettingStoreView.swift in Sources */ = {isa = PBXBuildFile; fileRef = 13C295D72AD68BEA00A2DE7F /* SettingStoreView.swift */; };
		13C295DA2AD68BF600A2DE7F /* SettingToneView.swift in Sources */ = {isa = PBXBuildFile; fileRef = 13C295D92AD68BF600A2DE7F /* SettingToneView.swift */; };
		13C295DD2AD6B48400A2DE7F /* DesignSystem.swift in Sources */ = {isa = PBXBuildFile; fileRef = 13C295DC2AD6B48400A2DE7F /* DesignSystem.swift */; };
		13C295DF2AD6C01300A2DE7F /* CTABtn.swift in Sources */ = {isa = PBXBuildFile; fileRef = 13C295DE2AD6C01300A2DE7F /* CTABtn.swift */; };
		13C295ED2AD7136E00A2DE7F /* Pretendard-Medium.otf in Resources */ = {isa = PBXBuildFile; fileRef = 13C295E42AD7136D00A2DE7F /* Pretendard-Medium.otf */; };
		13C295EE2AD7136E00A2DE7F /* Pretendard-ExtraBold.otf in Resources */ = {isa = PBXBuildFile; fileRef = 13C295E52AD7136D00A2DE7F /* Pretendard-ExtraBold.otf */; };
		13C295EF2AD7136E00A2DE7F /* Pretendard-SemiBold.otf in Resources */ = {isa = PBXBuildFile; fileRef = 13C295E62AD7136D00A2DE7F /* Pretendard-SemiBold.otf */; };
		13C295F02AD7136E00A2DE7F /* Pretendard-Regular.otf in Resources */ = {isa = PBXBuildFile; fileRef = 13C295E72AD7136D00A2DE7F /* Pretendard-Regular.otf */; };
		13C295F12AD7136E00A2DE7F /* Pretendard-Black.otf in Resources */ = {isa = PBXBuildFile; fileRef = 13C295E82AD7136D00A2DE7F /* Pretendard-Black.otf */; };
		13C295F22AD7136E00A2DE7F /* Pretendard-Light.otf in Resources */ = {isa = PBXBuildFile; fileRef = 13C295E92AD7136D00A2DE7F /* Pretendard-Light.otf */; };
		13C295F32AD7136E00A2DE7F /* Pretendard-Thin.otf in Resources */ = {isa = PBXBuildFile; fileRef = 13C295EA2AD7136D00A2DE7F /* Pretendard-Thin.otf */; };
		13C295F42AD7136E00A2DE7F /* Pretendard-ExtraLight.otf in Resources */ = {isa = PBXBuildFile; fileRef = 13C295EB2AD7136E00A2DE7F /* Pretendard-ExtraLight.otf */; };
		13C295F52AD7136E00A2DE7F /* Pretendard-Bold.otf in Resources */ = {isa = PBXBuildFile; fileRef = 13C295EC2AD7136E00A2DE7F /* Pretendard-Bold.otf */; };
		13C2960C2AD8F15300A2DE7F /* OnboardingFinal.swift in Sources */ = {isa = PBXBuildFile; fileRef = 13C2960B2AD8F15300A2DE7F /* OnboardingFinal.swift */; };
		13C2960E2AD8F15E00A2DE7F /* OnboardingIntro.swift in Sources */ = {isa = PBXBuildFile; fileRef = 13C2960D2AD8F15E00A2DE7F /* OnboardingIntro.swift */; };
		13C296102AD8F16700A2DE7F /* OnboardingRouter.swift in Sources */ = {isa = PBXBuildFile; fileRef = 13C2960F2AD8F16700A2DE7F /* OnboardingRouter.swift */; };
		13C296122AD8F17100A2DE7F /* OnboardingStore.swift in Sources */ = {isa = PBXBuildFile; fileRef = 13C296112AD8F17100A2DE7F /* OnboardingStore.swift */; };
		13C296142AD8F17D00A2DE7F /* OnboardingTone.swift in Sources */ = {isa = PBXBuildFile; fileRef = 13C296132AD8F17D00A2DE7F /* OnboardingTone.swift */; };
		13C296162AD8F18900A2DE7F /* OnboardingView.swift in Sources */ = {isa = PBXBuildFile; fileRef = 13C296152AD8F18900A2DE7F /* OnboardingView.swift */; };
		13C296182AD8F1F000A2DE7F /* CustomHeader.swift in Sources */ = {isa = PBXBuildFile; fileRef = 13C296172AD8F1F000A2DE7F /* CustomHeader.swift */; };
		13C2961A2AD8F26300A2DE7F /* SelectTone.swift in Sources */ = {isa = PBXBuildFile; fileRef = 13C296192AD8F26300A2DE7F /* SelectTone.swift */; };
		13C2961C2AD8F32000A2DE7F /* ToneModel.swift in Sources */ = {isa = PBXBuildFile; fileRef = 13C2961B2AD8F32000A2DE7F /* ToneModel.swift */; };
		13C296242AD988FC00A2DE7F /* AppStorageManager.swift in Sources */ = {isa = PBXBuildFile; fileRef = 13C296232AD988FC00A2DE7F /* AppStorageManager.swift */; };
		13C2962B2ADF88D600A2DE7F /* Constants.swift in Sources */ = {isa = PBXBuildFile; fileRef = 13C2962A2ADF88D600A2DE7F /* Constants.swift */; };
		6EF76458DDB4A8411EF377DE /* Pods_PostKit.framework in Frameworks */ = {isa = PBXBuildFile; fileRef = DE6BE08B166896FD0EC1F6B1 /* Pods_PostKit.framework */; };
		7EF314CC2AD81DC3008E7338 /* ChatGptService.swift in Sources */ = {isa = PBXBuildFile; fileRef = 7EF314CB2AD81DC3008E7338 /* ChatGptService.swift */; };
		7EF314CE2AD81DE3008E7338 /* ChatGptModel.swift in Sources */ = {isa = PBXBuildFile; fileRef = 7EF314CD2AD81DE3008E7338 /* ChatGptModel.swift */; };
		7EF314D22AD96A69008E7338 /* ChatGptViewModel.swift in Sources */ = {isa = PBXBuildFile; fileRef = 7EF314D12AD96A68008E7338 /* ChatGptViewModel.swift */; };
		A188C5752AD79DDF007473D3 /* DailyModel.swift in Sources */ = {isa = PBXBuildFile; fileRef = A188C5742AD79DDF007473D3 /* DailyModel.swift */; };
		A188C5772AD79E0E007473D3 /* MenuModel.swift in Sources */ = {isa = PBXBuildFile; fileRef = A188C5762AD79E0E007473D3 /* MenuModel.swift */; };
		A188C5792AD79E89007473D3 /* StoreModel.swift in Sources */ = {isa = PBXBuildFile; fileRef = A188C5782AD79E89007473D3 /* StoreModel.swift */; };
		A188C57F2AD7B822007473D3 /* CoreData.xcdatamodeld in Sources */ = {isa = PBXBuildFile; fileRef = A188C57D2AD7B822007473D3 /* CoreData.xcdatamodeld */; };
		A188C5812AD7BA1E007473D3 /* DailyDataManager.swift in Sources */ = {isa = PBXBuildFile; fileRef = A188C5802AD7BA1E007473D3 /* DailyDataManager.swift */; };
		A188C5832AD7BA5F007473D3 /* MenuDataManager.swift in Sources */ = {isa = PBXBuildFile; fileRef = A188C5822AD7BA5F007473D3 /* MenuDataManager.swift */; };
		A188C5852AD7BA89007473D3 /* StoreDataManager.swift in Sources */ = {isa = PBXBuildFile; fileRef = A188C5842AD7BA89007473D3 /* StoreDataManager.swift */; };
		A188C5882AD7C8BB007473D3 /* StoreProtocol.swift in Sources */ = {isa = PBXBuildFile; fileRef = A188C5872AD7C8BB007473D3 /* StoreProtocol.swift */; };
		A188C58A2AD7CDD3007473D3 /* MenuProtocol.swift in Sources */ = {isa = PBXBuildFile; fileRef = A188C5892AD7CDD3007473D3 /* MenuProtocol.swift */; };
		A188C58C2AD7CFD1007473D3 /* DailyProtocol.swift in Sources */ = {isa = PBXBuildFile; fileRef = A188C58B2AD7CFD1007473D3 /* DailyProtocol.swift */; };
		A188C5922AD968A7007473D3 /* MainViewProtocol.swift in Sources */ = {isa = PBXBuildFile; fileRef = A188C5912AD968A7007473D3 /* MainViewProtocol.swift */; };
		A188C5942ADE22FC007473D3 /* SettingProtocol.swift in Sources */ = {isa = PBXBuildFile; fileRef = A188C5932ADE22FC007473D3 /* SettingProtocol.swift */; };
		B98632602AD7CFB200DE9FF5 /* KeywordsModel.swift in Sources */ = {isa = PBXBuildFile; fileRef = B986325F2AD7CFB200DE9FF5 /* KeywordsModel.swift */; };
		B98632622AD7CFD500DE9FF5 /* CustomTextfield.swift in Sources */ = {isa = PBXBuildFile; fileRef = B98632612AD7CFD500DE9FF5 /* CustomTextfield.swift */; };
		B98632642AD7CFEE00DE9FF5 /* Keywords.swift in Sources */ = {isa = PBXBuildFile; fileRef = B98632632AD7CFEE00DE9FF5 /* Keywords.swift */; };
		B98632662AD7D01500DE9FF5 /* WrappingHStack.swift in Sources */ = {isa = PBXBuildFile; fileRef = B98632652AD7D01500DE9FF5 /* WrappingHStack.swift */; };
		B98632682AD7D03800DE9FF5 /* MenuView.swift in Sources */ = {isa = PBXBuildFile; fileRef = B98632672AD7D03800DE9FF5 /* MenuView.swift */; };
		B986326A2AD7D13400DE9FF5 /* KeyboardObserver.swift in Sources */ = {isa = PBXBuildFile; fileRef = B98632692AD7D13400DE9FF5 /* KeyboardObserver.swift */; };
		B986326C2AD7E76200DE9FF5 /* CaptionResultView.swift in Sources */ = {isa = PBXBuildFile; fileRef = B986326B2AD7E76200DE9FF5 /* CaptionResultView.swift */; };
		B98632782AD9735000DE9FF5 /* DailyView.swift in Sources */ = {isa = PBXBuildFile; fileRef = B98632772AD9735000DE9FF5 /* DailyView.swift */; };
		B986327C2ADA5DC300DE9FF5 /* LoadingView.swift in Sources */ = {isa = PBXBuildFile; fileRef = B986327B2ADA5DC300DE9FF5 /* LoadingView.swift */; };
/* End PBXBuildFile section */

/* Begin PBXFileReference section */
		0A14ED0B2AD96D9A00357A79 /* Constants.swift */ = {isa = PBXFileReference; lastKnownFileType = sourcecode.swift; path = Constants.swift; sourceTree = "<group>"; };
		139B2C7D2ADFF8690036BD18 /* ContentArea.swift */ = {isa = PBXFileReference; lastKnownFileType = sourcecode.swift; path = ContentArea.swift; sourceTree = "<group>"; };
		13C295AD2AD55F2100A2DE7F /* PostKit.app */ = {isa = PBXFileReference; explicitFileType = wrapper.application; includeInIndex = 0; path = PostKit.app; sourceTree = BUILT_PRODUCTS_DIR; };
		13C295B02AD55F2100A2DE7F /* PostKitApp.swift */ = {isa = PBXFileReference; lastKnownFileType = sourcecode.swift; path = PostKitApp.swift; sourceTree = "<group>"; };
		13C295B42AD55F2200A2DE7F /* Assets.xcassets */ = {isa = PBXFileReference; lastKnownFileType = folder.assetcatalog; path = Assets.xcassets; sourceTree = "<group>"; };
		13C295B72AD55F2200A2DE7F /* Preview Assets.xcassets */ = {isa = PBXFileReference; lastKnownFileType = folder.assetcatalog; path = "Preview Assets.xcassets"; sourceTree = "<group>"; };
		13C295C72AD620EC00A2DE7F /* MainView.swift */ = {isa = PBXFileReference; lastKnownFileType = sourcecode.swift; path = MainView.swift; sourceTree = "<group>"; };
		13C295D22AD64C3500A2DE7F /* SettingView.swift */ = {isa = PBXFileReference; lastKnownFileType = sourcecode.swift; path = SettingView.swift; sourceTree = "<group>"; };
		13C295D42AD677FA00A2DE7F /* NavigationModel.swift */ = {isa = PBXFileReference; lastKnownFileType = sourcecode.swift; path = NavigationModel.swift; sourceTree = "<group>"; };
		13C295D72AD68BEA00A2DE7F /* SettingStoreView.swift */ = {isa = PBXFileReference; lastKnownFileType = sourcecode.swift; path = SettingStoreView.swift; sourceTree = "<group>"; };
		13C295D92AD68BF600A2DE7F /* SettingToneView.swift */ = {isa = PBXFileReference; lastKnownFileType = sourcecode.swift; path = SettingToneView.swift; sourceTree = "<group>"; };
		13C295DC2AD6B48400A2DE7F /* DesignSystem.swift */ = {isa = PBXFileReference; lastKnownFileType = sourcecode.swift; path = DesignSystem.swift; sourceTree = "<group>"; };
		13C295DE2AD6C01300A2DE7F /* CTABtn.swift */ = {isa = PBXFileReference; lastKnownFileType = sourcecode.swift; path = CTABtn.swift; sourceTree = "<group>"; };
		13C295E42AD7136D00A2DE7F /* Pretendard-Medium.otf */ = {isa = PBXFileReference; lastKnownFileType = file; path = "Pretendard-Medium.otf"; sourceTree = "<group>"; };
		13C295E52AD7136D00A2DE7F /* Pretendard-ExtraBold.otf */ = {isa = PBXFileReference; lastKnownFileType = file; path = "Pretendard-ExtraBold.otf"; sourceTree = "<group>"; };
		13C295E62AD7136D00A2DE7F /* Pretendard-SemiBold.otf */ = {isa = PBXFileReference; lastKnownFileType = file; path = "Pretendard-SemiBold.otf"; sourceTree = "<group>"; };
		13C295E72AD7136D00A2DE7F /* Pretendard-Regular.otf */ = {isa = PBXFileReference; lastKnownFileType = file; path = "Pretendard-Regular.otf"; sourceTree = "<group>"; };
		13C295E82AD7136D00A2DE7F /* Pretendard-Black.otf */ = {isa = PBXFileReference; lastKnownFileType = file; path = "Pretendard-Black.otf"; sourceTree = "<group>"; };
		13C295E92AD7136D00A2DE7F /* Pretendard-Light.otf */ = {isa = PBXFileReference; lastKnownFileType = file; path = "Pretendard-Light.otf"; sourceTree = "<group>"; };
		13C295EA2AD7136D00A2DE7F /* Pretendard-Thin.otf */ = {isa = PBXFileReference; lastKnownFileType = file; path = "Pretendard-Thin.otf"; sourceTree = "<group>"; };
		13C295EB2AD7136E00A2DE7F /* Pretendard-ExtraLight.otf */ = {isa = PBXFileReference; lastKnownFileType = file; path = "Pretendard-ExtraLight.otf"; sourceTree = "<group>"; };
		13C295EC2AD7136E00A2DE7F /* Pretendard-Bold.otf */ = {isa = PBXFileReference; lastKnownFileType = file; path = "Pretendard-Bold.otf"; sourceTree = "<group>"; };
		13C295F62AD714A700A2DE7F /* Info.plist */ = {isa = PBXFileReference; lastKnownFileType = text.plist; path = Info.plist; sourceTree = "<group>"; };
		13C2960B2AD8F15300A2DE7F /* OnboardingFinal.swift */ = {isa = PBXFileReference; lastKnownFileType = sourcecode.swift; path = OnboardingFinal.swift; sourceTree = "<group>"; };
		13C2960D2AD8F15E00A2DE7F /* OnboardingIntro.swift */ = {isa = PBXFileReference; lastKnownFileType = sourcecode.swift; path = OnboardingIntro.swift; sourceTree = "<group>"; };
		13C2960F2AD8F16700A2DE7F /* OnboardingRouter.swift */ = {isa = PBXFileReference; lastKnownFileType = sourcecode.swift; path = OnboardingRouter.swift; sourceTree = "<group>"; };
		13C296112AD8F17100A2DE7F /* OnboardingStore.swift */ = {isa = PBXFileReference; lastKnownFileType = sourcecode.swift; path = OnboardingStore.swift; sourceTree = "<group>"; };
		13C296132AD8F17D00A2DE7F /* OnboardingTone.swift */ = {isa = PBXFileReference; lastKnownFileType = sourcecode.swift; path = OnboardingTone.swift; sourceTree = "<group>"; };
		13C296152AD8F18900A2DE7F /* OnboardingView.swift */ = {isa = PBXFileReference; lastKnownFileType = sourcecode.swift; path = OnboardingView.swift; sourceTree = "<group>"; };
		13C296172AD8F1F000A2DE7F /* CustomHeader.swift */ = {isa = PBXFileReference; lastKnownFileType = sourcecode.swift; path = CustomHeader.swift; sourceTree = "<group>"; };
		13C296192AD8F26300A2DE7F /* SelectTone.swift */ = {isa = PBXFileReference; lastKnownFileType = sourcecode.swift; path = SelectTone.swift; sourceTree = "<group>"; };
		13C2961B2AD8F32000A2DE7F /* ToneModel.swift */ = {isa = PBXFileReference; lastKnownFileType = sourcecode.swift; path = ToneModel.swift; sourceTree = "<group>"; };
		13C2961D2AD9734800A2DE7F /* Constants.swift */ = {isa = PBXFileReference; lastKnownFileType = sourcecode.swift; path = Constants.swift; sourceTree = "<group>"; };
		13C296232AD988FC00A2DE7F /* AppStorageManager.swift */ = {isa = PBXFileReference; lastKnownFileType = sourcecode.swift; path = AppStorageManager.swift; sourceTree = "<group>"; };
		13C2962A2ADF88D600A2DE7F /* Constants.swift */ = {isa = PBXFileReference; lastKnownFileType = sourcecode.swift; path = Constants.swift; sourceTree = "<group>"; };
		3E68A9EB98B7C9C0E4C2479A /* Pods-PostKit.release.xcconfig */ = {isa = PBXFileReference; includeInIndex = 1; lastKnownFileType = text.xcconfig; name = "Pods-PostKit.release.xcconfig"; path = "Target Support Files/Pods-PostKit/Pods-PostKit.release.xcconfig"; sourceTree = "<group>"; };
		7EF314CB2AD81DC3008E7338 /* ChatGptService.swift */ = {isa = PBXFileReference; lastKnownFileType = sourcecode.swift; path = ChatGptService.swift; sourceTree = "<group>"; };
		7EF314CD2AD81DE3008E7338 /* ChatGptModel.swift */ = {isa = PBXFileReference; lastKnownFileType = sourcecode.swift; path = ChatGptModel.swift; sourceTree = "<group>"; };
		7EF314D12AD96A68008E7338 /* ChatGptViewModel.swift */ = {isa = PBXFileReference; lastKnownFileType = sourcecode.swift; path = ChatGptViewModel.swift; sourceTree = "<group>"; };
		A188C5742AD79DDF007473D3 /* DailyModel.swift */ = {isa = PBXFileReference; lastKnownFileType = sourcecode.swift; path = DailyModel.swift; sourceTree = "<group>"; };
		A188C5762AD79E0E007473D3 /* MenuModel.swift */ = {isa = PBXFileReference; lastKnownFileType = sourcecode.swift; path = MenuModel.swift; sourceTree = "<group>"; };
		A188C5782AD79E89007473D3 /* StoreModel.swift */ = {isa = PBXFileReference; lastKnownFileType = sourcecode.swift; path = StoreModel.swift; sourceTree = "<group>"; };
		A188C57E2AD7B822007473D3 /* CoreData.xcdatamodel */ = {isa = PBXFileReference; lastKnownFileType = wrapper.xcdatamodel; path = CoreData.xcdatamodel; sourceTree = "<group>"; };
		A188C5802AD7BA1E007473D3 /* DailyDataManager.swift */ = {isa = PBXFileReference; lastKnownFileType = sourcecode.swift; path = DailyDataManager.swift; sourceTree = "<group>"; };
		A188C5822AD7BA5F007473D3 /* MenuDataManager.swift */ = {isa = PBXFileReference; lastKnownFileType = sourcecode.swift; path = MenuDataManager.swift; sourceTree = "<group>"; };
		A188C5842AD7BA89007473D3 /* StoreDataManager.swift */ = {isa = PBXFileReference; lastKnownFileType = sourcecode.swift; path = StoreDataManager.swift; sourceTree = "<group>"; };
		A188C5872AD7C8BB007473D3 /* StoreProtocol.swift */ = {isa = PBXFileReference; lastKnownFileType = sourcecode.swift; path = StoreProtocol.swift; sourceTree = "<group>"; };
		A188C5892AD7CDD3007473D3 /* MenuProtocol.swift */ = {isa = PBXFileReference; lastKnownFileType = sourcecode.swift; path = MenuProtocol.swift; sourceTree = "<group>"; };
		A188C58B2AD7CFD1007473D3 /* DailyProtocol.swift */ = {isa = PBXFileReference; lastKnownFileType = sourcecode.swift; path = DailyProtocol.swift; sourceTree = "<group>"; };
		A188C5912AD968A7007473D3 /* MainViewProtocol.swift */ = {isa = PBXFileReference; lastKnownFileType = sourcecode.swift; path = MainViewProtocol.swift; sourceTree = "<group>"; };
		A188C5932ADE22FC007473D3 /* SettingProtocol.swift */ = {isa = PBXFileReference; lastKnownFileType = sourcecode.swift; path = SettingProtocol.swift; sourceTree = "<group>"; };
		B986325F2AD7CFB200DE9FF5 /* KeywordsModel.swift */ = {isa = PBXFileReference; lastKnownFileType = sourcecode.swift; path = KeywordsModel.swift; sourceTree = "<group>"; };
		B98632612AD7CFD500DE9FF5 /* CustomTextfield.swift */ = {isa = PBXFileReference; lastKnownFileType = sourcecode.swift; path = CustomTextfield.swift; sourceTree = "<group>"; };
		B98632632AD7CFEE00DE9FF5 /* Keywords.swift */ = {isa = PBXFileReference; lastKnownFileType = sourcecode.swift; path = Keywords.swift; sourceTree = "<group>"; };
		B98632652AD7D01500DE9FF5 /* WrappingHStack.swift */ = {isa = PBXFileReference; lastKnownFileType = sourcecode.swift; path = WrappingHStack.swift; sourceTree = "<group>"; };
		B98632672AD7D03800DE9FF5 /* MenuView.swift */ = {isa = PBXFileReference; lastKnownFileType = sourcecode.swift; path = MenuView.swift; sourceTree = "<group>"; };
		B98632692AD7D13400DE9FF5 /* KeyboardObserver.swift */ = {isa = PBXFileReference; lastKnownFileType = sourcecode.swift; path = KeyboardObserver.swift; sourceTree = "<group>"; };
		B986326B2AD7E76200DE9FF5 /* CaptionResultView.swift */ = {isa = PBXFileReference; lastKnownFileType = sourcecode.swift; path = CaptionResultView.swift; sourceTree = "<group>"; };
		B98632772AD9735000DE9FF5 /* DailyView.swift */ = {isa = PBXFileReference; lastKnownFileType = sourcecode.swift; path = DailyView.swift; sourceTree = "<group>"; };
		B986327B2ADA5DC300DE9FF5 /* LoadingView.swift */ = {isa = PBXFileReference; lastKnownFileType = sourcecode.swift; path = LoadingView.swift; sourceTree = "<group>"; };
		C674B8973F6DA180203B6836 /* Pods-PostKit.debug.xcconfig */ = {isa = PBXFileReference; includeInIndex = 1; lastKnownFileType = text.xcconfig; name = "Pods-PostKit.debug.xcconfig"; path = "Target Support Files/Pods-PostKit/Pods-PostKit.debug.xcconfig"; sourceTree = "<group>"; };
		DE6BE08B166896FD0EC1F6B1 /* Pods_PostKit.framework */ = {isa = PBXFileReference; explicitFileType = wrapper.framework; includeInIndex = 0; path = Pods_PostKit.framework; sourceTree = BUILT_PRODUCTS_DIR; };
/* End PBXFileReference section */

/* Begin PBXFrameworksBuildPhase section */
		13C295AA2AD55F2100A2DE7F /* Frameworks */ = {
			isa = PBXFrameworksBuildPhase;
			buildActionMask = 2147483647;
			files = (
				6EF76458DDB4A8411EF377DE /* Pods_PostKit.framework in Frameworks */,
			);
			runOnlyForDeploymentPostprocessing = 0;
		};
/* End PBXFrameworksBuildPhase section */

/* Begin PBXGroup section */
		13C295A42AD55F2100A2DE7F = {
			isa = PBXGroup;
			children = (
				13C295AF2AD55F2100A2DE7F /* PostKit */,
				13C295AE2AD55F2100A2DE7F /* Products */,
				D2EED1AA8014945B0B79CFF3 /* Pods */,
				E2DC2606F0E477EDD9F93519 /* Frameworks */,
				7EF314D32AD9A1C2008E7338 /* Recovered References */,
			);
			sourceTree = "<group>";
		};
		13C295AE2AD55F2100A2DE7F /* Products */ = {
			isa = PBXGroup;
			children = (
				13C295AD2AD55F2100A2DE7F /* PostKit.app */,
			);
			name = Products;
			sourceTree = "<group>";
		};
		13C295AF2AD55F2100A2DE7F /* PostKit */ = {
			isa = PBXGroup;
			children = (
				A188C5862AD7C878007473D3 /* Protocol */,
				13C295F62AD714A700A2DE7F /* Info.plist */,
				13C295E32AD7135E00A2DE7F /* Fonts */,
				13C295C62AD620D900A2DE7F /* ViewModel */,
				13C295C52AD620D400A2DE7F /* Model */,
				13C295C42AD620C700A2DE7F /* View */,
				13C295B02AD55F2100A2DE7F /* PostKitApp.swift */,
				13C295B42AD55F2200A2DE7F /* Assets.xcassets */,
				13C295B62AD55F2200A2DE7F /* Preview Content */,
				A188C57D2AD7B822007473D3 /* CoreData.xcdatamodeld */,
			);
			path = PostKit;
			sourceTree = "<group>";
		};
		13C295B62AD55F2200A2DE7F /* Preview Content */ = {
			isa = PBXGroup;
			children = (
				13C295B72AD55F2200A2DE7F /* Preview Assets.xcassets */,
			);
			path = "Preview Content";
			sourceTree = "<group>";
		};
		13C295C42AD620C700A2DE7F /* View */ = {
			isa = PBXGroup;
			children = (
				13C296292ADF875100A2DE7F /* Caption */,
				13C2960A2AD8F14000A2DE7F /* Onboarding */,
				13C295DB2AD6B46F00A2DE7F /* Extension */,
				13C295D62AD68BD600A2DE7F /* Setting */,
				13C295C72AD620EC00A2DE7F /* MainView.swift */,
				B986327B2ADA5DC300DE9FF5 /* LoadingView.swift */,
				13C295CD2AD6211700A2DE7F /* Component */,
			);
			path = View;
			sourceTree = "<group>";
		};
		13C295C52AD620D400A2DE7F /* Model */ = {
			isa = PBXGroup;
			children = (
				13C295D42AD677FA00A2DE7F /* NavigationModel.swift */,
				A188C5742AD79DDF007473D3 /* DailyModel.swift */,
				A188C5762AD79E0E007473D3 /* MenuModel.swift */,
				A188C5782AD79E89007473D3 /* StoreModel.swift */,
				B986325F2AD7CFB200DE9FF5 /* KeywordsModel.swift */,
				7EF314CD2AD81DE3008E7338 /* ChatGptModel.swift */,
				13C2961B2AD8F32000A2DE7F /* ToneModel.swift */,
				13C296232AD988FC00A2DE7F /* AppStorageManager.swift */,
				13C2962A2ADF88D600A2DE7F /* Constants.swift */,
			);
			path = Model;
			sourceTree = "<group>";
		};
		13C295C62AD620D900A2DE7F /* ViewModel */ = {
			isa = PBXGroup;
			children = (
				A188C5802AD7BA1E007473D3 /* DailyDataManager.swift */,
				A188C5822AD7BA5F007473D3 /* MenuDataManager.swift */,
				A188C5842AD7BA89007473D3 /* StoreDataManager.swift */,
				B98632692AD7D13400DE9FF5 /* KeyboardObserver.swift */,
				7EF314CB2AD81DC3008E7338 /* ChatGptService.swift */,
				7EF314D12AD96A68008E7338 /* ChatGptViewModel.swift */,
			);
			path = ViewModel;
			sourceTree = "<group>";
		};
		13C295CD2AD6211700A2DE7F /* Component */ = {
			isa = PBXGroup;
			children = (
				13C295DE2AD6C01300A2DE7F /* CTABtn.swift */,
				B98632612AD7CFD500DE9FF5 /* CustomTextfield.swift */,
				B98632632AD7CFEE00DE9FF5 /* Keywords.swift */,
				13C296172AD8F1F000A2DE7F /* CustomHeader.swift */,
				13C296192AD8F26300A2DE7F /* SelectTone.swift */,
				139B2C7D2ADFF8690036BD18 /* ContentArea.swift */,
			);
			path = Component;
			sourceTree = "<group>";
		};
		13C295D62AD68BD600A2DE7F /* Setting */ = {
			isa = PBXGroup;
			children = (
				13C295D22AD64C3500A2DE7F /* SettingView.swift */,
				13C295D72AD68BEA00A2DE7F /* SettingStoreView.swift */,
				13C295D92AD68BF600A2DE7F /* SettingToneView.swift */,
			);
			path = Setting;
			sourceTree = "<group>";
		};
		13C295DB2AD6B46F00A2DE7F /* Extension */ = {
			isa = PBXGroup;
			children = (
				B98632652AD7D01500DE9FF5 /* WrappingHStack.swift */,
				13C295DC2AD6B48400A2DE7F /* DesignSystem.swift */,
			);
			path = Extension;
			sourceTree = "<group>";
		};
		13C295E32AD7135E00A2DE7F /* Fonts */ = {
			isa = PBXGroup;
			children = (
				13C295E82AD7136D00A2DE7F /* Pretendard-Black.otf */,
				13C295EC2AD7136E00A2DE7F /* Pretendard-Bold.otf */,
				13C295E52AD7136D00A2DE7F /* Pretendard-ExtraBold.otf */,
				13C295EB2AD7136E00A2DE7F /* Pretendard-ExtraLight.otf */,
				13C295E92AD7136D00A2DE7F /* Pretendard-Light.otf */,
				13C295E42AD7136D00A2DE7F /* Pretendard-Medium.otf */,
				13C295E72AD7136D00A2DE7F /* Pretendard-Regular.otf */,
				13C295E62AD7136D00A2DE7F /* Pretendard-SemiBold.otf */,
				13C295EA2AD7136D00A2DE7F /* Pretendard-Thin.otf */,
			);
			path = Fonts;
			sourceTree = "<group>";
		};
		13C2960A2AD8F14000A2DE7F /* Onboarding */ = {
			isa = PBXGroup;
			children = (
				13C2960B2AD8F15300A2DE7F /* OnboardingFinal.swift */,
				13C2960D2AD8F15E00A2DE7F /* OnboardingIntro.swift */,
				13C2960F2AD8F16700A2DE7F /* OnboardingRouter.swift */,
				13C296112AD8F17100A2DE7F /* OnboardingStore.swift */,
				13C296132AD8F17D00A2DE7F /* OnboardingTone.swift */,
				13C296152AD8F18900A2DE7F /* OnboardingView.swift */,
			);
			path = Onboarding;
			sourceTree = "<group>";
		};
		13C296292ADF875100A2DE7F /* Caption */ = {
			isa = PBXGroup;
			children = (
				B98632772AD9735000DE9FF5 /* DailyView.swift */,
				B986326B2AD7E76200DE9FF5 /* CaptionResultView.swift */,
				B98632672AD7D03800DE9FF5 /* MenuView.swift */,
			);
			path = Caption;
			sourceTree = "<group>";
		};
		7EF314D32AD9A1C2008E7338 /* Recovered References */ = {
			isa = PBXGroup;
			children = (
				13C2961D2AD9734800A2DE7F /* Constants.swift */,
				0A14ED0B2AD96D9A00357A79 /* Constants.swift */,
			);
			name = "Recovered References";
			sourceTree = "<group>";
		};
		A188C5862AD7C878007473D3 /* Protocol */ = {
			isa = PBXGroup;
			children = (
				A188C5872AD7C8BB007473D3 /* StoreProtocol.swift */,
				A188C5892AD7CDD3007473D3 /* MenuProtocol.swift */,
				A188C58B2AD7CFD1007473D3 /* DailyProtocol.swift */,
				A188C5912AD968A7007473D3 /* MainViewProtocol.swift */,
				A188C5932ADE22FC007473D3 /* SettingProtocol.swift */,
			);
			path = Protocol;
			sourceTree = "<group>";
		};
		D2EED1AA8014945B0B79CFF3 /* Pods */ = {
			isa = PBXGroup;
			children = (
				C674B8973F6DA180203B6836 /* Pods-PostKit.debug.xcconfig */,
				3E68A9EB98B7C9C0E4C2479A /* Pods-PostKit.release.xcconfig */,
			);
			path = Pods;
			sourceTree = "<group>";
		};
		E2DC2606F0E477EDD9F93519 /* Frameworks */ = {
			isa = PBXGroup;
			children = (
				DE6BE08B166896FD0EC1F6B1 /* Pods_PostKit.framework */,
			);
			name = Frameworks;
			sourceTree = "<group>";
		};
/* End PBXGroup section */

/* Begin PBXNativeTarget section */
		13C295AC2AD55F2100A2DE7F /* PostKit */ = {
			isa = PBXNativeTarget;
			buildConfigurationList = 13C295C02AD55F2200A2DE7F /* Build configuration list for PBXNativeTarget "PostKit" */;
			buildPhases = (
				93434359B017D32B332769AD /* [CP] Check Pods Manifest.lock */,
				13C295A92AD55F2100A2DE7F /* Sources */,
				13C295AA2AD55F2100A2DE7F /* Frameworks */,
				13C295AB2AD55F2100A2DE7F /* Resources */,
				F264007BA2AF887ABC7AE116 /* [CP] Embed Pods Frameworks */,
			);
			buildRules = (
			);
			dependencies = (
			);
			name = PostKit;
			productName = PostKit;
			productReference = 13C295AD2AD55F2100A2DE7F /* PostKit.app */;
			productType = "com.apple.product-type.application";
		};
/* End PBXNativeTarget section */

/* Begin PBXProject section */
		13C295A52AD55F2100A2DE7F /* Project object */ = {
			isa = PBXProject;
			attributes = {
				BuildIndependentTargetsInParallel = 1;
				LastSwiftUpdateCheck = 1500;
				LastUpgradeCheck = 1500;
				TargetAttributes = {
					13C295AC2AD55F2100A2DE7F = {
						CreatedOnToolsVersion = 15.0;
					};
				};
			};
			buildConfigurationList = 13C295A82AD55F2100A2DE7F /* Build configuration list for PBXProject "PostKit" */;
			compatibilityVersion = "Xcode 14.0";
			developmentRegion = en;
			hasScannedForEncodings = 0;
			knownRegions = (
				en,
				Base,
			);
			mainGroup = 13C295A42AD55F2100A2DE7F;
			productRefGroup = 13C295AE2AD55F2100A2DE7F /* Products */;
			projectDirPath = "";
			projectRoot = "";
			targets = (
				13C295AC2AD55F2100A2DE7F /* PostKit */,
			);
		};
/* End PBXProject section */

/* Begin PBXResourcesBuildPhase section */
		13C295AB2AD55F2100A2DE7F /* Resources */ = {
			isa = PBXResourcesBuildPhase;
			buildActionMask = 2147483647;
			files = (
				13C295F52AD7136E00A2DE7F /* Pretendard-Bold.otf in Resources */,
				13C295B82AD55F2200A2DE7F /* Preview Assets.xcassets in Resources */,
				13C295F22AD7136E00A2DE7F /* Pretendard-Light.otf in Resources */,
				13C295F42AD7136E00A2DE7F /* Pretendard-ExtraLight.otf in Resources */,
				13C295F02AD7136E00A2DE7F /* Pretendard-Regular.otf in Resources */,
				13C295F32AD7136E00A2DE7F /* Pretendard-Thin.otf in Resources */,
				13C295B52AD55F2200A2DE7F /* Assets.xcassets in Resources */,
				13C295EF2AD7136E00A2DE7F /* Pretendard-SemiBold.otf in Resources */,
				13C295EE2AD7136E00A2DE7F /* Pretendard-ExtraBold.otf in Resources */,
				13C295F12AD7136E00A2DE7F /* Pretendard-Black.otf in Resources */,
				13C295ED2AD7136E00A2DE7F /* Pretendard-Medium.otf in Resources */,
			);
			runOnlyForDeploymentPostprocessing = 0;
		};
/* End PBXResourcesBuildPhase section */

/* Begin PBXShellScriptBuildPhase section */
		93434359B017D32B332769AD /* [CP] Check Pods Manifest.lock */ = {
			isa = PBXShellScriptBuildPhase;
			buildActionMask = 2147483647;
			files = (
			);
			inputFileListPaths = (
			);
			inputPaths = (
				"${PODS_PODFILE_DIR_PATH}/Podfile.lock",
				"${PODS_ROOT}/Manifest.lock",
			);
			name = "[CP] Check Pods Manifest.lock";
			outputFileListPaths = (
			);
			outputPaths = (
				"$(DERIVED_FILE_DIR)/Pods-PostKit-checkManifestLockResult.txt",
			);
			runOnlyForDeploymentPostprocessing = 0;
			shellPath = /bin/sh;
			shellScript = "diff \"${PODS_PODFILE_DIR_PATH}/Podfile.lock\" \"${PODS_ROOT}/Manifest.lock\" > /dev/null\nif [ $? != 0 ] ; then\n    # print error to STDERR\n    echo \"error: The sandbox is not in sync with the Podfile.lock. Run 'pod install' or update your CocoaPods installation.\" >&2\n    exit 1\nfi\n# This output is used by Xcode 'outputs' to avoid re-running this script phase.\necho \"SUCCESS\" > \"${SCRIPT_OUTPUT_FILE_0}\"\n";
			showEnvVarsInLog = 0;
		};
		F264007BA2AF887ABC7AE116 /* [CP] Embed Pods Frameworks */ = {
			isa = PBXShellScriptBuildPhase;
			buildActionMask = 2147483647;
			files = (
			);
			inputFileListPaths = (
				"${PODS_ROOT}/Target Support Files/Pods-PostKit/Pods-PostKit-frameworks-${CONFIGURATION}-input-files.xcfilelist",
			);
			name = "[CP] Embed Pods Frameworks";
			outputFileListPaths = (
				"${PODS_ROOT}/Target Support Files/Pods-PostKit/Pods-PostKit-frameworks-${CONFIGURATION}-output-files.xcfilelist",
			);
			runOnlyForDeploymentPostprocessing = 0;
			shellPath = /bin/sh;
			shellScript = "\"${PODS_ROOT}/Target Support Files/Pods-PostKit/Pods-PostKit-frameworks.sh\"\n";
			showEnvVarsInLog = 0;
		};
/* End PBXShellScriptBuildPhase section */

/* Begin PBXSourcesBuildPhase section */
		13C295A92AD55F2100A2DE7F /* Sources */ = {
			isa = PBXSourcesBuildPhase;
			buildActionMask = 2147483647;
			files = (
				139B2C7E2ADFF8690036BD18 /* ContentArea.swift in Sources */,
				7EF314CE2AD81DE3008E7338 /* ChatGptModel.swift in Sources */,
				13C2961A2AD8F26300A2DE7F /* SelectTone.swift in Sources */,
				13C296242AD988FC00A2DE7F /* AppStorageManager.swift in Sources */,
				A188C58C2AD7CFD1007473D3 /* DailyProtocol.swift in Sources */,
				13C295D82AD68BEA00A2DE7F /* SettingStoreView.swift in Sources */,
				B986326C2AD7E76200DE9FF5 /* CaptionResultView.swift in Sources */,
				B986326A2AD7D13400DE9FF5 /* KeyboardObserver.swift in Sources */,
				B986327C2ADA5DC300DE9FF5 /* LoadingView.swift in Sources */,
				13C2962B2ADF88D600A2DE7F /* Constants.swift in Sources */,
				A188C57F2AD7B822007473D3 /* CoreData.xcdatamodeld in Sources */,
				B98632782AD9735000DE9FF5 /* DailyView.swift in Sources */,
				A188C5772AD79E0E007473D3 /* MenuModel.swift in Sources */,
				B98632642AD7CFEE00DE9FF5 /* Keywords.swift in Sources */,
				B98632662AD7D01500DE9FF5 /* WrappingHStack.swift in Sources */,
				13C295DF2AD6C01300A2DE7F /* CTABtn.swift in Sources */,
				B98632682AD7D03800DE9FF5 /* MenuView.swift in Sources */,
				13C296142AD8F17D00A2DE7F /* OnboardingTone.swift in Sources */,
				13C296162AD8F18900A2DE7F /* OnboardingView.swift in Sources */,
				13C295D32AD64C3500A2DE7F /* SettingView.swift in Sources */,
				B98632602AD7CFB200DE9FF5 /* KeywordsModel.swift in Sources */,
				13C2961C2AD8F32000A2DE7F /* ToneModel.swift in Sources */,
				13C295DA2AD68BF600A2DE7F /* SettingToneView.swift in Sources */,
				13C296182AD8F1F000A2DE7F /* CustomHeader.swift in Sources */,
				B98632622AD7CFD500DE9FF5 /* CustomTextfield.swift in Sources */,
				A188C5812AD7BA1E007473D3 /* DailyDataManager.swift in Sources */,
				13C295D52AD677FA00A2DE7F /* NavigationModel.swift in Sources */,
				A188C5882AD7C8BB007473D3 /* StoreProtocol.swift in Sources */,
				A188C5832AD7BA5F007473D3 /* MenuDataManager.swift in Sources */,
				7EF314CC2AD81DC3008E7338 /* ChatGptService.swift in Sources */,
				13C296102AD8F16700A2DE7F /* OnboardingRouter.swift in Sources */,
				7EF314D22AD96A69008E7338 /* ChatGptViewModel.swift in Sources */,
				13C295DD2AD6B48400A2DE7F /* DesignSystem.swift in Sources */,
				13C295C82AD620EC00A2DE7F /* MainView.swift in Sources */,
				13C2960C2AD8F15300A2DE7F /* OnboardingFinal.swift in Sources */,
				A188C5752AD79DDF007473D3 /* DailyModel.swift in Sources */,
				13C296122AD8F17100A2DE7F /* OnboardingStore.swift in Sources */,
				A188C5852AD7BA89007473D3 /* StoreDataManager.swift in Sources */,
				13C295B12AD55F2100A2DE7F /* PostKitApp.swift in Sources */,
				A188C5942ADE22FC007473D3 /* SettingProtocol.swift in Sources */,
				13C2960E2AD8F15E00A2DE7F /* OnboardingIntro.swift in Sources */,
				A188C58A2AD7CDD3007473D3 /* MenuProtocol.swift in Sources */,
				A188C5792AD79E89007473D3 /* StoreModel.swift in Sources */,
				A188C5922AD968A7007473D3 /* MainViewProtocol.swift in Sources */,
			);
			runOnlyForDeploymentPostprocessing = 0;
		};
/* End PBXSourcesBuildPhase section */

/* Begin XCBuildConfiguration section */
		13C295BE2AD55F2200A2DE7F /* Debug */ = {
			isa = XCBuildConfiguration;
			buildSettings = {
				ALWAYS_SEARCH_USER_PATHS = NO;
				ASSETCATALOG_COMPILER_GENERATE_SWIFT_ASSET_SYMBOL_EXTENSIONS = YES;
				CLANG_ANALYZER_NONNULL = YES;
				CLANG_ANALYZER_NUMBER_OBJECT_CONVERSION = YES_AGGRESSIVE;
				CLANG_CXX_LANGUAGE_STANDARD = "gnu++20";
				CLANG_ENABLE_MODULES = YES;
				CLANG_ENABLE_OBJC_ARC = YES;
				CLANG_ENABLE_OBJC_WEAK = YES;
				CLANG_WARN_BLOCK_CAPTURE_AUTORELEASING = YES;
				CLANG_WARN_BOOL_CONVERSION = YES;
				CLANG_WARN_COMMA = YES;
				CLANG_WARN_CONSTANT_CONVERSION = YES;
				CLANG_WARN_DEPRECATED_OBJC_IMPLEMENTATIONS = YES;
				CLANG_WARN_DIRECT_OBJC_ISA_USAGE = YES_ERROR;
				CLANG_WARN_DOCUMENTATION_COMMENTS = YES;
				CLANG_WARN_EMPTY_BODY = YES;
				CLANG_WARN_ENUM_CONVERSION = YES;
				CLANG_WARN_INFINITE_RECURSION = YES;
				CLANG_WARN_INT_CONVERSION = YES;
				CLANG_WARN_NON_LITERAL_NULL_CONVERSION = YES;
				CLANG_WARN_OBJC_IMPLICIT_RETAIN_SELF = YES;
				CLANG_WARN_OBJC_LITERAL_CONVERSION = YES;
				CLANG_WARN_OBJC_ROOT_CLASS = YES_ERROR;
				CLANG_WARN_QUOTED_INCLUDE_IN_FRAMEWORK_HEADER = YES;
				CLANG_WARN_RANGE_LOOP_ANALYSIS = YES;
				CLANG_WARN_STRICT_PROTOTYPES = YES;
				CLANG_WARN_SUSPICIOUS_MOVE = YES;
				CLANG_WARN_UNGUARDED_AVAILABILITY = YES_AGGRESSIVE;
				CLANG_WARN_UNREACHABLE_CODE = YES;
				CLANG_WARN__DUPLICATE_METHOD_MATCH = YES;
				COPY_PHASE_STRIP = NO;
				DEBUG_INFORMATION_FORMAT = dwarf;
				ENABLE_STRICT_OBJC_MSGSEND = YES;
				ENABLE_TESTABILITY = YES;
				ENABLE_USER_SCRIPT_SANDBOXING = NO;
				GCC_C_LANGUAGE_STANDARD = gnu17;
				GCC_DYNAMIC_NO_PIC = NO;
				GCC_NO_COMMON_BLOCKS = YES;
				GCC_OPTIMIZATION_LEVEL = 0;
				GCC_PREPROCESSOR_DEFINITIONS = (
					"DEBUG=1",
					"$(inherited)",
				);
				GCC_WARN_64_TO_32_BIT_CONVERSION = YES;
				GCC_WARN_ABOUT_RETURN_TYPE = YES_ERROR;
				GCC_WARN_UNDECLARED_SELECTOR = YES;
				GCC_WARN_UNINITIALIZED_AUTOS = YES_AGGRESSIVE;
				GCC_WARN_UNUSED_FUNCTION = YES;
				GCC_WARN_UNUSED_VARIABLE = YES;
				IPHONEOS_DEPLOYMENT_TARGET = 16.0;
				LOCALIZATION_PREFERS_STRING_CATALOGS = YES;
				MTL_ENABLE_DEBUG_INFO = INCLUDE_SOURCE;
				MTL_FAST_MATH = YES;
				ONLY_ACTIVE_ARCH = YES;
				SDKROOT = iphoneos;
				SWIFT_ACTIVE_COMPILATION_CONDITIONS = "DEBUG $(inherited)";
				SWIFT_OPTIMIZATION_LEVEL = "-Onone";
			};
			name = Debug;
		};
		13C295BF2AD55F2200A2DE7F /* Release */ = {
			isa = XCBuildConfiguration;
			buildSettings = {
				ALWAYS_SEARCH_USER_PATHS = NO;
				ASSETCATALOG_COMPILER_GENERATE_SWIFT_ASSET_SYMBOL_EXTENSIONS = YES;
				CLANG_ANALYZER_NONNULL = YES;
				CLANG_ANALYZER_NUMBER_OBJECT_CONVERSION = YES_AGGRESSIVE;
				CLANG_CXX_LANGUAGE_STANDARD = "gnu++20";
				CLANG_ENABLE_MODULES = YES;
				CLANG_ENABLE_OBJC_ARC = YES;
				CLANG_ENABLE_OBJC_WEAK = YES;
				CLANG_WARN_BLOCK_CAPTURE_AUTORELEASING = YES;
				CLANG_WARN_BOOL_CONVERSION = YES;
				CLANG_WARN_COMMA = YES;
				CLANG_WARN_CONSTANT_CONVERSION = YES;
				CLANG_WARN_DEPRECATED_OBJC_IMPLEMENTATIONS = YES;
				CLANG_WARN_DIRECT_OBJC_ISA_USAGE = YES_ERROR;
				CLANG_WARN_DOCUMENTATION_COMMENTS = YES;
				CLANG_WARN_EMPTY_BODY = YES;
				CLANG_WARN_ENUM_CONVERSION = YES;
				CLANG_WARN_INFINITE_RECURSION = YES;
				CLANG_WARN_INT_CONVERSION = YES;
				CLANG_WARN_NON_LITERAL_NULL_CONVERSION = YES;
				CLANG_WARN_OBJC_IMPLICIT_RETAIN_SELF = YES;
				CLANG_WARN_OBJC_LITERAL_CONVERSION = YES;
				CLANG_WARN_OBJC_ROOT_CLASS = YES_ERROR;
				CLANG_WARN_QUOTED_INCLUDE_IN_FRAMEWORK_HEADER = YES;
				CLANG_WARN_RANGE_LOOP_ANALYSIS = YES;
				CLANG_WARN_STRICT_PROTOTYPES = YES;
				CLANG_WARN_SUSPICIOUS_MOVE = YES;
				CLANG_WARN_UNGUARDED_AVAILABILITY = YES_AGGRESSIVE;
				CLANG_WARN_UNREACHABLE_CODE = YES;
				CLANG_WARN__DUPLICATE_METHOD_MATCH = YES;
				COPY_PHASE_STRIP = NO;
				DEBUG_INFORMATION_FORMAT = "dwarf-with-dsym";
				ENABLE_NS_ASSERTIONS = NO;
				ENABLE_STRICT_OBJC_MSGSEND = YES;
				ENABLE_USER_SCRIPT_SANDBOXING = NO;
				GCC_C_LANGUAGE_STANDARD = gnu17;
				GCC_NO_COMMON_BLOCKS = YES;
				GCC_WARN_64_TO_32_BIT_CONVERSION = YES;
				GCC_WARN_ABOUT_RETURN_TYPE = YES_ERROR;
				GCC_WARN_UNDECLARED_SELECTOR = YES;
				GCC_WARN_UNINITIALIZED_AUTOS = YES_AGGRESSIVE;
				GCC_WARN_UNUSED_FUNCTION = YES;
				GCC_WARN_UNUSED_VARIABLE = YES;
				IPHONEOS_DEPLOYMENT_TARGET = 16.0;
				LOCALIZATION_PREFERS_STRING_CATALOGS = YES;
				MTL_ENABLE_DEBUG_INFO = NO;
				MTL_FAST_MATH = YES;
				SDKROOT = iphoneos;
				SWIFT_COMPILATION_MODE = wholemodule;
				VALIDATE_PRODUCT = YES;
			};
			name = Release;
		};
		13C295C12AD55F2200A2DE7F /* Debug */ = {
			isa = XCBuildConfiguration;
			baseConfigurationReference = C674B8973F6DA180203B6836 /* Pods-PostKit.debug.xcconfig */;
			buildSettings = {
				ASSETCATALOG_COMPILER_APPICON_NAME = AppIcon;
				ASSETCATALOG_COMPILER_GLOBAL_ACCENT_COLOR_NAME = AccentColor;
				CODE_SIGN_STYLE = Automatic;
				CURRENT_PROJECT_VERSION = 3;
				DEVELOPMENT_ASSET_PATHS = "\"PostKit/Preview Content\"";
				DEVELOPMENT_TEAM = 34K3V5D9X5;
				ENABLE_PREVIEWS = YES;
				GENERATE_INFOPLIST_FILE = YES;
				INFOPLIST_FILE = PostKit/Info.plist;
				INFOPLIST_KEY_LSApplicationCategoryType = "";
				INFOPLIST_KEY_UIApplicationSceneManifest_Generation = YES;
				INFOPLIST_KEY_UIApplicationSupportsIndirectInputEvents = YES;
				INFOPLIST_KEY_UISupportedInterfaceOrientations = UIInterfaceOrientationPortrait;
				INFOPLIST_KEY_UISupportedInterfaceOrientations_iPad = "UIInterfaceOrientationLandscapeLeft UIInterfaceOrientationLandscapeRight UIInterfaceOrientationPortrait UIInterfaceOrientationPortraitUpsideDown";
				IPHONEOS_DEPLOYMENT_TARGET = 16.0;
				LD_RUNPATH_SEARCH_PATHS = (
					"$(inherited)",
					"@executable_path/Frameworks",
				);
				MARKETING_VERSION = 1.0;
				PRODUCT_BUNDLE_IDENTIFIER = com.PostKit;
				PRODUCT_NAME = "$(TARGET_NAME)";
				SUPPORTED_PLATFORMS = "iphoneos iphonesimulator";
				SUPPORTS_MACCATALYST = NO;
				SUPPORTS_MAC_DESIGNED_FOR_IPHONE_IPAD = NO;
				SWIFT_EMIT_LOC_STRINGS = YES;
				SWIFT_VERSION = 5.0;
				TARGETED_DEVICE_FAMILY = 1;
			};
			name = Debug;
		};
		13C295C22AD55F2200A2DE7F /* Release */ = {
			isa = XCBuildConfiguration;
			baseConfigurationReference = 3E68A9EB98B7C9C0E4C2479A /* Pods-PostKit.release.xcconfig */;
			buildSettings = {
				ASSETCATALOG_COMPILER_APPICON_NAME = AppIcon;
				ASSETCATALOG_COMPILER_GLOBAL_ACCENT_COLOR_NAME = AccentColor;
				CODE_SIGN_STYLE = Automatic;
				CURRENT_PROJECT_VERSION = 3;
				DEVELOPMENT_ASSET_PATHS = "\"PostKit/Preview Content\"";
				DEVELOPMENT_TEAM = 34K3V5D9X5;
				ENABLE_PREVIEWS = YES;
				GENERATE_INFOPLIST_FILE = YES;
				INFOPLIST_FILE = PostKit/Info.plist;
				INFOPLIST_KEY_LSApplicationCategoryType = "";
				INFOPLIST_KEY_UIApplicationSceneManifest_Generation = YES;
				INFOPLIST_KEY_UIApplicationSupportsIndirectInputEvents = YES;
				INFOPLIST_KEY_UISupportedInterfaceOrientations = UIInterfaceOrientationPortrait;
				INFOPLIST_KEY_UISupportedInterfaceOrientations_iPad = "UIInterfaceOrientationLandscapeLeft UIInterfaceOrientationLandscapeRight UIInterfaceOrientationPortrait UIInterfaceOrientationPortraitUpsideDown";
				IPHONEOS_DEPLOYMENT_TARGET = 16.0;
				LD_RUNPATH_SEARCH_PATHS = (
					"$(inherited)",
					"@executable_path/Frameworks",
				);
				MARKETING_VERSION = 1.0;
				PRODUCT_BUNDLE_IDENTIFIER = com.PostKit;
				PRODUCT_NAME = "$(TARGET_NAME)";
				SUPPORTED_PLATFORMS = "iphoneos iphonesimulator";
				SUPPORTS_MACCATALYST = NO;
				SUPPORTS_MAC_DESIGNED_FOR_IPHONE_IPAD = NO;
				SWIFT_EMIT_LOC_STRINGS = YES;
				SWIFT_VERSION = 5.0;
				TARGETED_DEVICE_FAMILY = 1;
			};
			name = Release;
		};
/* End XCBuildConfiguration section */

/* Begin XCConfigurationList section */
		13C295A82AD55F2100A2DE7F /* Build configuration list for PBXProject "PostKit" */ = {
			isa = XCConfigurationList;
			buildConfigurations = (
				13C295BE2AD55F2200A2DE7F /* Debug */,
				13C295BF2AD55F2200A2DE7F /* Release */,
			);
			defaultConfigurationIsVisible = 0;
			defaultConfigurationName = Release;
		};
		13C295C02AD55F2200A2DE7F /* Build configuration list for PBXNativeTarget "PostKit" */ = {
			isa = XCConfigurationList;
			buildConfigurations = (
				13C295C12AD55F2200A2DE7F /* Debug */,
				13C295C22AD55F2200A2DE7F /* Release */,
			);
			defaultConfigurationIsVisible = 0;
			defaultConfigurationName = Release;
		};
/* End XCConfigurationList section */

/* Begin XCVersionGroup section */
		A188C57D2AD7B822007473D3 /* CoreData.xcdatamodeld */ = {
			isa = XCVersionGroup;
			children = (
				A188C57E2AD7B822007473D3 /* CoreData.xcdatamodel */,
			);
			currentVersion = A188C57E2AD7B822007473D3 /* CoreData.xcdatamodel */;
			path = CoreData.xcdatamodeld;
			sourceTree = "<group>";
			versionGroupType = wrapper.xcdatamodel;
		};
/* End XCVersionGroup section */
	};
	rootObject = 13C295A52AD55F2100A2DE7F /* Project object */;
}
