// !$*UTF8*$!
{
	archiveVersion = 1;
	classes = {
	};
	objectVersion = 56;
	objects = {

/* Begin PBXBuildFile section */
		13C295B12AD55F2100A2DE7F /* PostKitApp.swift in Sources */ = {isa = PBXBuildFile; fileRef = 13C295B02AD55F2100A2DE7F /* PostKitApp.swift */; };
		13C295B32AD55F2100A2DE7F /* ContentView.swift in Sources */ = {isa = PBXBuildFile; fileRef = 13C295B22AD55F2100A2DE7F /* ContentView.swift */; };
		13C295B52AD55F2200A2DE7F /* Assets.xcassets in Resources */ = {isa = PBXBuildFile; fileRef = 13C295B42AD55F2200A2DE7F /* Assets.xcassets */; };
		13C295B82AD55F2200A2DE7F /* Preview Assets.xcassets in Resources */ = {isa = PBXBuildFile; fileRef = 13C295B72AD55F2200A2DE7F /* Preview Assets.xcassets */; };
		13C295BA2AD55F2200A2DE7F /* Persistence.swift in Sources */ = {isa = PBXBuildFile; fileRef = 13C295B92AD55F2200A2DE7F /* Persistence.swift */; };
		13C295BD2AD55F2200A2DE7F /* PostKit.xcdatamodeld in Sources */ = {isa = PBXBuildFile; fileRef = 13C295BB2AD55F2200A2DE7F /* PostKit.xcdatamodeld */; };
		13C295C82AD620EC00A2DE7F /* MainView.swift in Sources */ = {isa = PBXBuildFile; fileRef = 13C295C72AD620EC00A2DE7F /* MainView.swift */; };
		13C295CA2AD620F700A2DE7F /* ModelSample.swift in Sources */ = {isa = PBXBuildFile; fileRef = 13C295C92AD620F700A2DE7F /* ModelSample.swift */; };
		13C295CC2AD6210A00A2DE7F /* ViewModelSample.swift in Sources */ = {isa = PBXBuildFile; fileRef = 13C295CB2AD6210A00A2DE7F /* ViewModelSample.swift */; };
		13C295CF2AD6213000A2DE7F /* Button.swift in Sources */ = {isa = PBXBuildFile; fileRef = 13C295CE2AD6213000A2DE7F /* Button.swift */; };
/* End PBXBuildFile section */

/* Begin PBXFileReference section */
		13C295AD2AD55F2100A2DE7F /* PostKit.app */ = {isa = PBXFileReference; explicitFileType = wrapper.application; includeInIndex = 0; path = PostKit.app; sourceTree = BUILT_PRODUCTS_DIR; };
		13C295B02AD55F2100A2DE7F /* PostKitApp.swift */ = {isa = PBXFileReference; lastKnownFileType = sourcecode.swift; path = PostKitApp.swift; sourceTree = "<group>"; };
		13C295B22AD55F2100A2DE7F /* ContentView.swift */ = {isa = PBXFileReference; lastKnownFileType = sourcecode.swift; path = ContentView.swift; sourceTree = "<group>"; };
		13C295B42AD55F2200A2DE7F /* Assets.xcassets */ = {isa = PBXFileReference; lastKnownFileType = folder.assetcatalog; path = Assets.xcassets; sourceTree = "<group>"; };
		13C295B72AD55F2200A2DE7F /* Preview Assets.xcassets */ = {isa = PBXFileReference; lastKnownFileType = folder.assetcatalog; path = "Preview Assets.xcassets"; sourceTree = "<group>"; };
		13C295B92AD55F2200A2DE7F /* Persistence.swift */ = {isa = PBXFileReference; lastKnownFileType = sourcecode.swift; path = Persistence.swift; sourceTree = "<group>"; };
		13C295BC2AD55F2200A2DE7F /* PostKit.xcdatamodel */ = {isa = PBXFileReference; lastKnownFileType = wrapper.xcdatamodel; path = PostKit.xcdatamodel; sourceTree = "<group>"; };
		13C295C72AD620EC00A2DE7F /* MainView.swift */ = {isa = PBXFileReference; lastKnownFileType = sourcecode.swift; path = MainView.swift; sourceTree = "<group>"; };
		13C295C92AD620F700A2DE7F /* ModelSample.swift */ = {isa = PBXFileReference; lastKnownFileType = sourcecode.swift; path = ModelSample.swift; sourceTree = "<group>"; };
		13C295CB2AD6210A00A2DE7F /* ViewModelSample.swift */ = {isa = PBXFileReference; lastKnownFileType = sourcecode.swift; path = ViewModelSample.swift; sourceTree = "<group>"; };
		13C295CE2AD6213000A2DE7F /* Button.swift */ = {isa = PBXFileReference; lastKnownFileType = sourcecode.swift; path = Button.swift; sourceTree = "<group>"; };
/* End PBXFileReference section */

/* Begin PBXFrameworksBuildPhase section */
		13C295AA2AD55F2100A2DE7F /* Frameworks */ = {
			isa = PBXFrameworksBuildPhase;
			buildActionMask = 2147483647;
			files = (
			);
			runOnlyForDeploymentPostprocessing = 0;
		};
/* End PBXFrameworksBuildPhase section */

/* Begin PBXGroup section */
		13C295A42AD55F2100A2DE7F = {
			isa = PBXGroup;
			children = (
				13C295AF2AD55F2100A2DE7F /* PostKit */,
				13C295AE2AD55F2100A2DE7F /* Products */,
			);
			sourceTree = "<group>";
		};
		13C295AE2AD55F2100A2DE7F /* Products */ = {
			isa = PBXGroup;
			children = (
				13C295AD2AD55F2100A2DE7F /* PostKit.app */,
			);
			name = Products;
			sourceTree = "<group>";
		};
		13C295AF2AD55F2100A2DE7F /* PostKit */ = {
			isa = PBXGroup;
			children = (
				13C295C62AD620D900A2DE7F /* ViewModel */,
				13C295C52AD620D400A2DE7F /* Model */,
				13C295C42AD620C700A2DE7F /* View */,
				13C295B02AD55F2100A2DE7F /* PostKitApp.swift */,
				13C295B22AD55F2100A2DE7F /* ContentView.swift */,
				13C295B42AD55F2200A2DE7F /* Assets.xcassets */,
				13C295B92AD55F2200A2DE7F /* Persistence.swift */,
				13C295BB2AD55F2200A2DE7F /* PostKit.xcdatamodeld */,
				13C295B62AD55F2200A2DE7F /* Preview Content */,
			);
			path = PostKit;
			sourceTree = "<group>";
		};
		13C295B62AD55F2200A2DE7F /* Preview Content */ = {
			isa = PBXGroup;
			children = (
				13C295B72AD55F2200A2DE7F /* Preview Assets.xcassets */,
			);
			path = "Preview Content";
			sourceTree = "<group>";
		};
		13C295C42AD620C700A2DE7F /* View */ = {
			isa = PBXGroup;
			children = (
				13C295CD2AD6211700A2DE7F /* Component */,
				13C295C72AD620EC00A2DE7F /* MainView.swift */,
			);
			path = View;
			sourceTree = "<group>";
		};
		13C295C52AD620D400A2DE7F /* Model */ = {
			isa = PBXGroup;
			children = (
				13C295C92AD620F700A2DE7F /* ModelSample.swift */,
			);
			path = Model;
			sourceTree = "<group>";
		};
		13C295C62AD620D900A2DE7F /* ViewModel */ = {
			isa = PBXGroup;
			children = (
				13C295CB2AD6210A00A2DE7F /* ViewModelSample.swift */,
			);
			path = ViewModel;
			sourceTree = "<group>";
		};
		13C295CD2AD6211700A2DE7F /* Component */ = {
			isa = PBXGroup;
			children = (
				13C295CE2AD6213000A2DE7F /* Button.swift */,
			);
			path = Component;
			sourceTree = "<group>";
		};
/* End PBXGroup section */

/* Begin PBXNativeTarget section */
		13C295AC2AD55F2100A2DE7F /* PostKit */ = {
			isa = PBXNativeTarget;
			buildConfigurationList = 13C295C02AD55F2200A2DE7F /* Build configuration list for PBXNativeTarget "PostKit" */;
			buildPhases = (
				13C295A92AD55F2100A2DE7F /* Sources */,
				13C295AA2AD55F2100A2DE7F /* Frameworks */,
				13C295AB2AD55F2100A2DE7F /* Resources */,
			);
			buildRules = (
			);
			dependencies = (
			);
			name = PostKit;
			productName = PostKit;
			productReference = 13C295AD2AD55F2100A2DE7F /* PostKit.app */;
			productType = "com.apple.product-type.application";
		};
/* End PBXNativeTarget section */

/* Begin PBXProject section */
		13C295A52AD55F2100A2DE7F /* Project object */ = {
			isa = PBXProject;
			attributes = {
				BuildIndependentTargetsInParallel = 1;
				LastSwiftUpdateCheck = 1500;
				LastUpgradeCheck = 1500;
				TargetAttributes = {
					13C295AC2AD55F2100A2DE7F = {
						CreatedOnToolsVersion = 15.0;
					};
				};
			};
			buildConfigurationList = 13C295A82AD55F2100A2DE7F /* Build configuration list for PBXProject "PostKit" */;
			compatibilityVersion = "Xcode 14.0";
			developmentRegion = en;
			hasScannedForEncodings = 0;
			knownRegions = (
				en,
				Base,
			);
			mainGroup = 13C295A42AD55F2100A2DE7F;
			productRefGroup = 13C295AE2AD55F2100A2DE7F /* Products */;
			projectDirPath = "";
			projectRoot = "";
			targets = (
				13C295AC2AD55F2100A2DE7F /* PostKit */,
			);
		};
/* End PBXProject section */

/* Begin PBXResourcesBuildPhase section */
		13C295AB2AD55F2100A2DE7F /* Resources */ = {
			isa = PBXResourcesBuildPhase;
			buildActionMask = 2147483647;
			files = (
				13C295B82AD55F2200A2DE7F /* Preview Assets.xcassets in Resources */,
				13C295B52AD55F2200A2DE7F /* Assets.xcassets in Resources */,
			);
			runOnlyForDeploymentPostprocessing = 0;
		};
/* End PBXResourcesBuildPhase section */

/* Begin PBXSourcesBuildPhase section */
		13C295A92AD55F2100A2DE7F /* Sources */ = {
			isa = PBXSourcesBuildPhase;
			buildActionMask = 2147483647;
			files = (
				13C295BA2AD55F2200A2DE7F /* Persistence.swift in Sources */,
				13C295CA2AD620F700A2DE7F /* ModelSample.swift in Sources */,
				13C295CC2AD6210A00A2DE7F /* ViewModelSample.swift in Sources */,
				13C295CF2AD6213000A2DE7F /* Button.swift in Sources */,
				13C295B32AD55F2100A2DE7F /* ContentView.swift in Sources */,
				13C295BD2AD55F2200A2DE7F /* PostKit.xcdatamodeld in Sources */,
				13C295C82AD620EC00A2DE7F /* MainView.swift in Sources */,
				13C295B12AD55F2100A2DE7F /* PostKitApp.swift in Sources */,
			);
			runOnlyForDeploymentPostprocessing = 0;
		};
/* End PBXSourcesBuildPhase section */

/* Begin XCBuildConfiguration section */
		13C295BE2AD55F2200A2DE7F /* Debug */ = {
			isa = XCBuildConfiguration;
			buildSettings = {
				ALWAYS_SEARCH_USER_PATHS = NO;
				ASSETCATALOG_COMPILER_GENERATE_SWIFT_ASSET_SYMBOL_EXTENSIONS = YES;
				CLANG_ANALYZER_NONNULL = YES;
				CLANG_ANALYZER_NUMBER_OBJECT_CONVERSION = YES_AGGRESSIVE;
				CLANG_CXX_LANGUAGE_STANDARD = "gnu++20";
				CLANG_ENABLE_MODULES = YES;
				CLANG_ENABLE_OBJC_ARC = YES;
				CLANG_ENABLE_OBJC_WEAK = YES;
				CLANG_WARN_BLOCK_CAPTURE_AUTORELEASING = YES;
				CLANG_WARN_BOOL_CONVERSION = YES;
				CLANG_WARN_COMMA = YES;
				CLANG_WARN_CONSTANT_CONVERSION = YES;
				CLANG_WARN_DEPRECATED_OBJC_IMPLEMENTATIONS = YES;
				CLANG_WARN_DIRECT_OBJC_ISA_USAGE = YES_ERROR;
				CLANG_WARN_DOCUMENTATION_COMMENTS = YES;
				CLANG_WARN_EMPTY_BODY = YES;
				CLANG_WARN_ENUM_CONVERSION = YES;
				CLANG_WARN_INFINITE_RECURSION = YES;
				CLANG_WARN_INT_CONVERSION = YES;
				CLANG_WARN_NON_LITERAL_NULL_CONVERSION = YES;
				CLANG_WARN_OBJC_IMPLICIT_RETAIN_SELF = YES;
				CLANG_WARN_OBJC_LITERAL_CONVERSION = YES;
				CLANG_WARN_OBJC_ROOT_CLASS = YES_ERROR;
				CLANG_WARN_QUOTED_INCLUDE_IN_FRAMEWORK_HEADER = YES;
				CLANG_WARN_RANGE_LOOP_ANALYSIS = YES;
				CLANG_WARN_STRICT_PROTOTYPES = YES;
				CLANG_WARN_SUSPICIOUS_MOVE = YES;
				CLANG_WARN_UNGUARDED_AVAILABILITY = YES_AGGRESSIVE;
				CLANG_WARN_UNREACHABLE_CODE = YES;
				CLANG_WARN__DUPLICATE_METHOD_MATCH = YES;
				COPY_PHASE_STRIP = NO;
				DEBUG_INFORMATION_FORMAT = dwarf;
				ENABLE_STRICT_OBJC_MSGSEND = YES;
				ENABLE_TESTABILITY = YES;
				ENABLE_USER_SCRIPT_SANDBOXING = YES;
				GCC_C_LANGUAGE_STANDARD = gnu17;
				GCC_DYNAMIC_NO_PIC = NO;
				GCC_NO_COMMON_BLOCKS = YES;
				GCC_OPTIMIZATION_LEVEL = 0;
				GCC_PREPROCESSOR_DEFINITIONS = (
					"DEBUG=1",
					"$(inherited)",
				);
				GCC_WARN_64_TO_32_BIT_CONVERSION = YES;
				GCC_WARN_ABOUT_RETURN_TYPE = YES_ERROR;
				GCC_WARN_UNDECLARED_SELECTOR = YES;
				GCC_WARN_UNINITIALIZED_AUTOS = YES_AGGRESSIVE;
				GCC_WARN_UNUSED_FUNCTION = YES;
				GCC_WARN_UNUSED_VARIABLE = YES;
				IPHONEOS_DEPLOYMENT_TARGET = 17.0;
				LOCALIZATION_PREFERS_STRING_CATALOGS = YES;
				MTL_ENABLE_DEBUG_INFO = INCLUDE_SOURCE;
				MTL_FAST_MATH = YES;
				ONLY_ACTIVE_ARCH = YES;
				SDKROOT = iphoneos;
				SWIFT_ACTIVE_COMPILATION_CONDITIONS = "DEBUG $(inherited)";
				SWIFT_OPTIMIZATION_LEVEL = "-Onone";
			};
			name = Debug;
		};
		13C295BF2AD55F2200A2DE7F /* Release */ = {
			isa = XCBuildConfiguration;
			buildSettings = {
				ALWAYS_SEARCH_USER_PATHS = NO;
				ASSETCATALOG_COMPILER_GENERATE_SWIFT_ASSET_SYMBOL_EXTENSIONS = YES;
				CLANG_ANALYZER_NONNULL = YES;
				CLANG_ANALYZER_NUMBER_OBJECT_CONVERSION = YES_AGGRESSIVE;
				CLANG_CXX_LANGUAGE_STANDARD = "gnu++20";
				CLANG_ENABLE_MODULES = YES;
				CLANG_ENABLE_OBJC_ARC = YES;
				CLANG_ENABLE_OBJC_WEAK = YES;
				CLANG_WARN_BLOCK_CAPTURE_AUTORELEASING = YES;
				CLANG_WARN_BOOL_CONVERSION = YES;
				CLANG_WARN_COMMA = YES;
				CLANG_WARN_CONSTANT_CONVERSION = YES;
				CLANG_WARN_DEPRECATED_OBJC_IMPLEMENTATIONS = YES;
				CLANG_WARN_DIRECT_OBJC_ISA_USAGE = YES_ERROR;
				CLANG_WARN_DOCUMENTATION_COMMENTS = YES;
				CLANG_WARN_EMPTY_BODY = YES;
				CLANG_WARN_ENUM_CONVERSION = YES;
				CLANG_WARN_INFINITE_RECURSION = YES;
				CLANG_WARN_INT_CONVERSION = YES;
				CLANG_WARN_NON_LITERAL_NULL_CONVERSION = YES;
				CLANG_WARN_OBJC_IMPLICIT_RETAIN_SELF = YES;
				CLANG_WARN_OBJC_LITERAL_CONVERSION = YES;
				CLANG_WARN_OBJC_ROOT_CLASS = YES_ERROR;
				CLANG_WARN_QUOTED_INCLUDE_IN_FRAMEWORK_HEADER = YES;
				CLANG_WARN_RANGE_LOOP_ANALYSIS = YES;
				CLANG_WARN_STRICT_PROTOTYPES = YES;
				CLANG_WARN_SUSPICIOUS_MOVE = YES;
				CLANG_WARN_UNGUARDED_AVAILABILITY = YES_AGGRESSIVE;
				CLANG_WARN_UNREACHABLE_CODE = YES;
				CLANG_WARN__DUPLICATE_METHOD_MATCH = YES;
				COPY_PHASE_STRIP = NO;
				DEBUG_INFORMATION_FORMAT = "dwarf-with-dsym";
				ENABLE_NS_ASSERTIONS = NO;
				ENABLE_STRICT_OBJC_MSGSEND = YES;
				ENABLE_USER_SCRIPT_SANDBOXING = YES;
				GCC_C_LANGUAGE_STANDARD = gnu17;
				GCC_NO_COMMON_BLOCKS = YES;
				GCC_WARN_64_TO_32_BIT_CONVERSION = YES;
				GCC_WARN_ABOUT_RETURN_TYPE = YES_ERROR;
				GCC_WARN_UNDECLARED_SELECTOR = YES;
				GCC_WARN_UNINITIALIZED_AUTOS = YES_AGGRESSIVE;
				GCC_WARN_UNUSED_FUNCTION = YES;
				GCC_WARN_UNUSED_VARIABLE = YES;
				IPHONEOS_DEPLOYMENT_TARGET = 17.0;
				LOCALIZATION_PREFERS_STRING_CATALOGS = YES;
				MTL_ENABLE_DEBUG_INFO = NO;
				MTL_FAST_MATH = YES;
				SDKROOT = iphoneos;
				SWIFT_COMPILATION_MODE = wholemodule;
				VALIDATE_PRODUCT = YES;
			};
			name = Release;
		};
		13C295C12AD55F2200A2DE7F /* Debug */ = {
			isa = XCBuildConfiguration;
			buildSettings = {
				ASSETCATALOG_COMPILER_APPICON_NAME = AppIcon;
				ASSETCATALOG_COMPILER_GLOBAL_ACCENT_COLOR_NAME = AccentColor;
				CODE_SIGN_STYLE = Automatic;
				CURRENT_PROJECT_VERSION = 1;
				DEVELOPMENT_ASSET_PATHS = "\"PostKit/Preview Content\"";
				DEVELOPMENT_TEAM = 34K3V5D9X5;
				ENABLE_PREVIEWS = YES;
				GENERATE_INFOPLIST_FILE = YES;
				INFOPLIST_KEY_UIApplicationSceneManifest_Generation = YES;
				INFOPLIST_KEY_UIApplicationSupportsIndirectInputEvents = YES;
				INFOPLIST_KEY_UILaunchScreen_Generation = YES;
				INFOPLIST_KEY_UISupportedInterfaceOrientations_iPad = "UIInterfaceOrientationPortrait UIInterfaceOrientationPortraitUpsideDown UIInterfaceOrientationLandscapeLeft UIInterfaceOrientationLandscapeRight";
				INFOPLIST_KEY_UISupportedInterfaceOrientations_iPhone = "UIInterfaceOrientationPortrait UIInterfaceOrientationLandscapeLeft UIInterfaceOrientationLandscapeRight";
				LD_RUNPATH_SEARCH_PATHS = (
					"$(inherited)",
					"@executable_path/Frameworks",
				);
				MARKETING_VERSION = 1.0;
				PRODUCT_BUNDLE_IDENTIFIER = d.PostKit;
				PRODUCT_NAME = "$(TARGET_NAME)";
				SWIFT_EMIT_LOC_STRINGS = YES;
				SWIFT_VERSION = 5.0;
				TARGETED_DEVICE_FAMILY = "1,2";
			};
			name = Debug;
		};
		13C295C22AD55F2200A2DE7F /* Release */ = {
			isa = XCBuildConfiguration;
			buildSettings = {
				ASSETCATALOG_COMPILER_APPICON_NAME = AppIcon;
				ASSETCATALOG_COMPILER_GLOBAL_ACCENT_COLOR_NAME = AccentColor;
				CODE_SIGN_STYLE = Automatic;
				CURRENT_PROJECT_VERSION = 1;
				DEVELOPMENT_ASSET_PATHS = "\"PostKit/Preview Content\"";
				DEVELOPMENT_TEAM = 34K3V5D9X5;
				ENABLE_PREVIEWS = YES;
				GENERATE_INFOPLIST_FILE = YES;
				INFOPLIST_KEY_UIApplicationSceneManifest_Generation = YES;
				INFOPLIST_KEY_UIApplicationSupportsIndirectInputEvents = YES;
				INFOPLIST_KEY_UILaunchScreen_Generation = YES;
				INFOPLIST_KEY_UISupportedInterfaceOrientations_iPad = "UIInterfaceOrientationPortrait UIInterfaceOrientationPortraitUpsideDown UIInterfaceOrientationLandscapeLeft UIInterfaceOrientationLandscapeRight";
				INFOPLIST_KEY_UISupportedInterfaceOrientations_iPhone = "UIInterfaceOrientationPortrait UIInterfaceOrientationLandscapeLeft UIInterfaceOrientationLandscapeRight";
				LD_RUNPATH_SEARCH_PATHS = (
					"$(inherited)",
					"@executable_path/Frameworks",
				);
				MARKETING_VERSION = 1.0;
				PRODUCT_BUNDLE_IDENTIFIER = d.PostKit;
				PRODUCT_NAME = "$(TARGET_NAME)";
				SWIFT_EMIT_LOC_STRINGS = YES;
				SWIFT_VERSION = 5.0;
				TARGETED_DEVICE_FAMILY = "1,2";
			};
			name = Release;
		};
/* End XCBuildConfiguration section */

/* Begin XCConfigurationList section */
		13C295A82AD55F2100A2DE7F /* Build configuration list for PBXProject "PostKit" */ = {
			isa = XCConfigurationList;
			buildConfigurations = (
				13C295BE2AD55F2200A2DE7F /* Debug */,
				13C295BF2AD55F2200A2DE7F /* Release */,
			);
			defaultConfigurationIsVisible = 0;
			defaultConfigurationName = Release;
		};
		13C295C02AD55F2200A2DE7F /* Build configuration list for PBXNativeTarget "PostKit" */ = {
			isa = XCConfigurationList;
			buildConfigurations = (
				13C295C12AD55F2200A2DE7F /* Debug */,
				13C295C22AD55F2200A2DE7F /* Release */,
			);
			defaultConfigurationIsVisible = 0;
			defaultConfigurationName = Release;
		};
/* End XCConfigurationList section */

/* Begin XCVersionGroup section */
		13C295BB2AD55F2200A2DE7F /* PostKit.xcdatamodeld */ = {
			isa = XCVersionGroup;
			children = (
				13C295BC2AD55F2200A2DE7F /* PostKit.xcdatamodel */,
			);
			currentVersion = 13C295BC2AD55F2200A2DE7F /* PostKit.xcdatamodel */;
			path = PostKit.xcdatamodeld;
			sourceTree = "<group>";
			versionGroupType = wrapper.xcdatamodel;
		};
/* End XCVersionGroup section */
	};
	rootObject = 13C295A52AD55F2100A2DE7F /* Project object */;
}
