{
  "pins" : [
    {
      "identity" : "mixpanel-swift",
      "kind" : "remoteSourceControl",
      "location" : "https://github.com/mixpanel/mixpanel-swift",
      "state" : {
        "branch" : "master",
        "revision" : "1ce27d937009d5ecce74dad97d69898ffea49c75"
      }
    }
  ],
  "version" : 2
}
